
Microsoft Visual Studio Solution File, Format Version 12.00
# Visual Studio 14
VisualStudioVersion = 14.0.25420.1
MinimumVisualStudioVersion = 10.0.40219.1
Project("{FAE04EC0-301F-11D3-BF4B-00C04F79EFBC}") = "HeadButton", "HeadButton\HeadButton.csproj", "{4AFA9FE7-B5EF-458B-A839-B491671ED125}"
EndProject
Project("{FAE04EC0-301F-11D3-BF4B-00C04F79EFBC}") = "AddProductProject", "AddProductProject\AddProductProject.csproj", "{960A9BDA-87E4-4C76-8CA2-0D9E822EE0C2}"
EndProject
Project("{FAE04EC0-301F-11D3-BF4B-00C04F79EFBC}") = "EditProductProject", "EditProductProject\EditProductProject.csproj", "{36A15ADF-46FA-4820-8AD3-5B93660418E5}"
EndProject
Global
	GlobalSection(SolutionConfigurationPlatforms) = preSolution
		Debug|Any CPU = Debug|Any CPU
		Release|Any CPU = Release|Any CPU
	EndGlobalSection
	GlobalSection(ProjectConfigurationPlatforms) = postSolution
		{4AFA9FE7-B5EF-458B-A839-B491671ED125}.Debug|Any CPU.ActiveCfg = Debug|Any CPU
		{4AFA9FE7-B5EF-458B-A839-B491671ED125}.Debug|Any CPU.Build.0 = Debug|Any CPU
		{4AFA9FE7-B5EF-458B-A839-B491671ED125}.Release|Any CPU.ActiveCfg = Release|Any CPU
		{4AFA9FE7-B5EF-458B-A839-B491671ED125}.Release|Any CPU.Build.0 = Release|Any CPU
		{960A9BDA-87E4-4C76-8CA2-0D9E822EE0C2}.Debug|Any CPU.ActiveCfg = Debug|Any CPU
		{960A9BDA-87E4-4C76-8CA2-0D9E822EE0C2}.Debug|Any CPU.Build.0 = Debug|Any CPU
		{960A9BDA-87E4-4C76-8CA2-0D9E822EE0C2}.Release|Any CPU.ActiveCfg = Release|Any CPU
		{960A9BDA-87E4-4C76-8CA2-0D9E822EE0C2}.Release|Any CPU.Build.0 = Release|Any CPU
		{36A15ADF-46FA-4820-8AD3-5B93660418E5}.Debug|Any CPU.ActiveCfg = Debug|Any CPU
		{36A15ADF-46FA-4820-8AD3-5B93660418E5}.Debug|Any CPU.Build.0 = Debug|Any CPU
		{36A15ADF-46FA-4820-8AD3-5B93660418E5}.Release|Any CPU.ActiveCfg = Release|Any CPU
		{36A15ADF-46FA-4820-8AD3-5B93660418E5}.Release|Any CPU.Build.0 = Release|Any CPU
	EndGlobalSection
	GlobalSection(SolutionProperties) = preSolution
		HideSolutionNode = FALSE
	EndGlobalSection
EndGlobal
